Microsoft Visual Studio Solution File, Format Version 12.00
# Visual Studio 2012
Project("{FAE04EC0-301F-11D3-BF4B-00C04F79EFBC}") = "Stream Todo Widget", "Stream Todo Widget.csproj", "{CB0D57A0-0293-44C8-AED2-882567CD633C}"
EndProject
Global
	GlobalSection(SolutionConfigurationPlatforms) = preSolution
	Debug|Any CPU = Debug|Any CPU
	ExportDebug|Any CPU = ExportDebug|Any CPU
	ExportRelease|Any CPU = ExportRelease|Any CPU
	EndGlobalSection
	GlobalSection(ProjectConfigurationPlatforms) = postSolution
		{CB0D57A0-0293-44C8-AED2-882567CD633C}.Debug|Any CPU.ActiveCfg = Debug|Any CPU
		{CB0D57A0-0293-44C8-AED2-882567CD633C}.Debug|Any CPU.Build.0 = Debug|Any CPU
		{CB0D57A0-0293-44C8-AED2-882567CD633C}.ExportDebug|Any CPU.ActiveCfg = ExportDebug|Any CPU
		{CB0D57A0-0293-44C8-AED2-882567CD633C}.ExportDebug|Any CPU.Build.0 = ExportDebug|Any CPU
		{CB0D57A0-0293-44C8-AED2-882567CD633C}.ExportRelease|Any CPU.ActiveCfg = ExportRelease|Any CPU
		{CB0D57A0-0293-44C8-AED2-882567CD633C}.ExportRelease|Any CPU.Build.0 = ExportRelease|Any CPU
	EndGlobalSection
EndGlobal
